{
  "name": "patchdb",
  "version": "1.0.0",
  "lockfileVersion": 2,
  "requires": true,
  "packages": {
    "": {
      "name": "patchdb",
      "version": "1.0.0",
      "license": "CC0-1.0",
      "dependencies": {
        "fs-extra": "^10.0.0"
      },
      "devDependencies": {
        "@tsconfig/node16": "^1.0.1",
        "@types/fs-extra": "^9.0.13",
        "@types/node": "^16.10.1",
        "typescript": "next"
      },
      "engines": {
        "node": "^16"
      }
    },
    "node_modules/@tsconfig/node16": {
      "version": "1.0.2",
      "resolved": "https://registry.npmjs.org/@tsconfig/node16/-/node16-1.0.2.tgz",
      "integrity": "sha512-eZxlbI8GZscaGS7kkc/trHTT5xgrjH3/1n2JDwusC9iahPKWMRvRjJSAN5mCXviuTGQ/lHnhvv8Q1YTpnfz9gA==",
      "dev": true
    },
    "node_modules/@types/fs-extra": {
      "version": "9.0.13",
      "resolved": "https://registry.npmjs.org/@types/fs-extra/-/fs-extra-9.0.13.tgz",
      "integrity": "sha512-nEnwB++1u5lVDM2UI4c1+5R+FYaKfaAzS4OococimjVm3nQw3TuzH5UNsocrcTBbhnerblyHj4A49qXbIiZdpA==",
      "dev": true,
      "dependencies": {
        "@types/node": "*"
      }
    },
    "node_modules/@types/node": {
      "version": "16.10.1",
      "resolved": "https://registry.npmjs.org/@types/node/-/node-16.10.1.tgz",
      "integrity": "sha512-4/Z9DMPKFexZj/Gn3LylFgamNKHm4K3QDi0gz9B26Uk0c8izYf97B5fxfpspMNkWlFupblKM/nV8+NA9Ffvr+w==",
      "dev": true
    },
    "node_modules/fs-extra": {
      "version": "10.0.0",
      "resolved": "https://registry.npmjs.org/fs-extra/-/fs-extra-10.0.0.tgz",
      "integrity": "sha512-C5owb14u9eJwizKGdchcDUQeFtlSHHthBk8pbX9Vc1PFZrLombudjDnNns88aYslCyF6IY5SUw3Roz6xShcEIQ==",
      "dependencies": {
        "graceful-fs": "^4.2.0",
        "jsonfile": "^6.0.1",
        "universalify": "^2.0.0"
      },
      "engines": {
        "node": ">=12"
      }
    },
    "node_modules/graceful-fs": {
      "version": "4.2.8",
      "resolved": "https://registry.npmjs.org/graceful-fs/-/graceful-fs-4.2.8.tgz",
      "integrity": "sha512-qkIilPUYcNhJpd33n0GBXTB1MMPp14TxEsEs0pTrsSVucApsYzW5V+Q8Qxhik6KU3evy+qkAAowTByymK0avdg=="
    },
    "node_modules/jsonfile": {
      "version": "6.1.0",
      "resolved": "https://registry.npmjs.org/jsonfile/-/jsonfile-6.1.0.tgz",
      "integrity": "sha512-5dgndWOriYSm5cnYaJNhalLNDKOqFwyDB/rr1E9ZsGciGvKPs8R2xYGCacuf3z6K1YKDz182fd+fY3cn3pMqXQ==",
      "dependencies": {
        "universalify": "^2.0.0"
      },
      "optionalDependencies": {
        "graceful-fs": "^4.1.6"
      }
    },
    "node_modules/typescript": {
      "version": "4.5.0-dev.20210927",
      "resolved": "https://registry.npmjs.org/typescript/-/typescript-4.5.0-dev.20210927.tgz",
      "integrity": "sha512-SwH1rcPWT0rtRerrAsVExE1RiXhqKZdVOLVo0T9iT2+Lehq3WT5zMbTPIf/LAZ6mQlYT5XxNMSMjJl+EHr2byQ==",
      "dev": true,
      "bin": {
        "tsc": "bin/tsc",
        "tsserver": "bin/tsserver"
      },
      "engines": {
        "node": ">=4.2.0"
      }
    },
    "node_modules/universalify": {
      "version": "2.0.0",
      "resolved": "https://registry.npmjs.org/universalify/-/universalify-2.0.0.tgz",
      "integrity": "sha512-hAZsKq7Yy11Zu1DE0OzWjw7nnLZmJZYTDZZyEFHZdUhV8FkH5MCfoU1XMaxXovpyW5nq5scPqq0ZDP9Zyl04oQ==",
      "engines": {
        "node": ">= 10.0.0"
      }
    }
  },
  "dependencies": {
    "@tsconfig/node16": {
      "version": "1.0.2",
      "resolved": "https://registry.npmjs.org/@tsconfig/node16/-/node16-1.0.2.tgz",
      "integrity": "sha512-eZxlbI8GZscaGS7kkc/trHTT5xgrjH3/1n2JDwusC9iahPKWMRvRjJSAN5mCXviuTGQ/lHnhvv8Q1YTpnfz9gA==",
      "dev": true
    },
    "@types/fs-extra": {
      "version": "9.0.13",
      "resolved": "https://registry.npmjs.org/@types/fs-extra/-/fs-extra-9.0.13.tgz",
      "integrity": "sha512-nEnwB++1u5lVDM2UI4c1+5R+FYaKfaAzS4OococimjVm3nQw3TuzH5UNsocrcTBbhnerblyHj4A49qXbIiZdpA==",
      "dev": true,
      "requires": {
        "@types/node": "*"
      }
    },
    "@types/node": {
      "version": "16.10.1",
      "resolved": "https://registry.npmjs.org/@types/node/-/node-16.10.1.tgz",
      "integrity": "sha512-4/Z9DMPKFexZj/Gn3LylFgamNKHm4K3QDi0gz9B26Uk0c8izYf97B5fxfpspMNkWlFupblKM/nV8+NA9Ffvr+w==",
      "dev": true
    },
    "fs-extra": {
      "version": "10.0.0",
      "resolved": "https://registry.npmjs.org/fs-extra/-/fs-extra-10.0.0.tgz",
      "integrity": "sha512-C5owb14u9eJwizKGdchcDUQeFtlSHHthBk8pbX9Vc1PFZrLombudjDnNns88aYslCyF6IY5SUw3Roz6xShcEIQ==",
      "requires": {
        "graceful-fs": "^4.2.0",
        "jsonfile": "^6.0.1",
        "universalify": "^2.0.0"
      }
    },
    "graceful-fs": {
      "version": "4.2.8",
      "resolved": "https://registry.npmjs.org/graceful-fs/-/graceful-fs-4.2.8.tgz",
      "integrity": "sha512-qkIilPUYcNhJpd33n0GBXTB1MMPp14TxEsEs0pTrsSVucApsYzW5V+Q8Qxhik6KU3evy+qkAAowTByymK0avdg=="
    },
    "jsonfile": {
      "version": "6.1.0",
      "resolved": "https://registry.npmjs.org/jsonfile/-/jsonfile-6.1.0.tgz",
      "integrity": "sha512-5dgndWOriYSm5cnYaJNhalLNDKOqFwyDB/rr1E9ZsGciGvKPs8R2xYGCacuf3z6K1YKDz182fd+fY3cn3pMqXQ==",
      "requires": {
        "graceful-fs": "^4.1.6",
        "universalify": "^2.0.0"
      }
    },
    "typescript": {
      "version": "4.5.0-dev.20210927",
      "resolved": "https://registry.npmjs.org/typescript/-/typescript-4.5.0-dev.20210927.tgz",
      "integrity": "sha512-SwH1rcPWT0rtRerrAsVExE1RiXhqKZdVOLVo0T9iT2+Lehq3WT5zMbTPIf/LAZ6mQlYT5XxNMSMjJl+EHr2byQ==",
      "dev": true
    },
    "universalify": {
      "version": "2.0.0",
      "resolved": "https://registry.npmjs.org/universalify/-/universalify-2.0.0.tgz",
      "integrity": "sha512-hAZsKq7Yy11Zu1DE0OzWjw7nnLZmJZYTDZZyEFHZdUhV8FkH5MCfoU1XMaxXovpyW5nq5scPqq0ZDP9Zyl04oQ=="
    }
  }
}
